<?xml version="1.0" encoding="utf-8"?>
<Project ToolsVersion="4.0" xmlns="http://schemas.microsoft.com/developer/msbuild/2003">
  <ItemGroup>
    <ClCompile Include="..\..\src\r77api.cpp" />
    <ClCompile Include="..\..\src\ProcessList\ProcessList.cpp" />
  </ItemGroup>
  <ItemGroup>
    <ClInclude Include="..\..\src\r77api.h" />
    <ClInclude Include="..\..\src\ProcessList\ProcessList.h" />
    <ClInclude Include="..\..\src\ntdll.h" />
  </ItemGroup>
</Project>