Microsoft Visual Studio Solution File, Format Version 12.00
# Visual Studio Version 17
VisualStudioVersion = 17.1.32328.378
MinimumVisualStudioVersion = 10.0.40219.1
Project("{FAE04EC0-301F-11D3-BF4B-00C04F79EFBC}") = "TestConsole", "TestConsole\TestConsole.csproj", "{E55F7214-8CC4-4E1D-AEDB-C908D23902A4}"
	ProjectSection(ProjectDependencies) = postProject
		{06AF1D64-F2FC-4767-8794-7313C7BB0A40} = {06AF1D64-F2FC-4767-8794-7313C7BB0A40}
		{1BA54A13-B390-47B3-9628-B58A2BBA193B} = {1BA54A13-B390-47B3-9628-B58A2BBA193B}
		{2D6FDD44-39B1-4FF8-8AE0-60A6B0979F5F} = {2D6FDD44-39B1-4FF8-8AE0-60A6B0979F5F}
		{78BB6D02-6E02-4933-89DC-4AD8EE0B303F} = {78BB6D02-6E02-4933-89DC-4AD8EE0B303F}
		{AFB848D0-68F8-42D1-A1C8-99DFBE034FCF} = {AFB848D0-68F8-42D1-A1C8-99DFBE034FCF}
	EndProjectSection
EndProject
Project("{8BC9CEB8-8B4A-11D0-8D11-00A0C91BC942}") = "r77-x64", "r77-x64\r77-x64.vcxproj", "{06AF1D64-F2FC-4767-8794-7313C7BB0A40}"
	ProjectSection(ProjectDependencies) = postProject
		{AFB848D0-68F8-42D1-A1C8-99DFBE034FCF} = {AFB848D0-68F8-42D1-A1C8-99DFBE034FCF}
	EndProjectSection
EndProject
Project("{8BC9CEB8-8B4A-11D0-8D11-00A0C91BC942}") = "r77-x86", "r77-x86\r77-x86.vcxproj", "{1BA54A13-B390-47B3-9628-B58A2BBA193B}"
	ProjectSection(ProjectDependencies) = postProject
		{AFB848D0-68F8-42D1-A1C8-99DFBE034FCF} = {AFB848D0-68F8-42D1-A1C8-99DFBE034FCF}
	EndProjectSection
EndProject
Project("{8BC9CEB8-8B4A-11D0-8D11-00A0C91BC942}") = "Uninstall", "Uninstall\Uninstall.vcxproj", "{F0005D08-6278-4BFE-B492-F86CCEC797D5}"
	ProjectSection(ProjectDependencies) = postProject
		{00D7268A-92A9-4CD4-ADDF-175E9BF16AE0} = {00D7268A-92A9-4CD4-ADDF-175E9BF16AE0}
		{AFB848D0-68F8-42D1-A1C8-99DFBE034FCF} = {AFB848D0-68F8-42D1-A1C8-99DFBE034FCF}
	EndProjectSection
EndProject
Project("{8BC9CEB8-8B4A-11D0-8D11-00A0C91BC942}") = "Uninstall64", "Uninstall64\Uninstall64.vcxproj", "{00D7268A-92A9-4CD4-ADDF-175E9BF16AE0}"
	ProjectSection(ProjectDependencies) = postProject
		{AFB848D0-68F8-42D1-A1C8-99DFBE034FCF} = {AFB848D0-68F8-42D1-A1C8-99DFBE034FCF}
	EndProjectSection
EndProject
Project("{FAE04EC0-301F-11D3-BF4B-00C04F79EFBC}") = "Example", "Example\Example.csproj", "{86F8C733-F773-4AD8-9282-3F99953261FD}"
EndProject
Project("{FAE04EC0-301F-11D3-BF4B-00C04F79EFBC}") = "BuildTask", "BuildTask\BuildTask.csproj", "{AFB848D0-68F8-42D1-A1C8-99DFBE034FCF}"
EndProject
Project("{8BC9CEB8-8B4A-11D0-8D11-00A0C91BC942}") = "Install", "Install\Install.vcxproj", "{BCE48DAE-232E-4B3D-B5B5-D0B29BB7E9DE}"
	ProjectSection(ProjectDependencies) = postProject
		{4D71336E-6EF6-4DF1-8457-B94DC3D73FE7} = {4D71336E-6EF6-4DF1-8457-B94DC3D73FE7}
		{AFB848D0-68F8-42D1-A1C8-99DFBE034FCF} = {AFB848D0-68F8-42D1-A1C8-99DFBE034FCF}
	EndProjectSection
EndProject
Project("{8BC9CEB8-8B4A-11D0-8D11-00A0C91BC942}") = "Helper32", "Helper32\Helper32.vcxproj", "{2D6FDD44-39B1-4FF8-8AE0-60A6B0979F5F}"
EndProject
Project("{8BC9CEB8-8B4A-11D0-8D11-00A0C91BC942}") = "Helper64", "Helper64\Helper64.vcxproj", "{78BB6D02-6E02-4933-89DC-4AD8EE0B303F}"
EndProject
Project("{8BC9CEB8-8B4A-11D0-8D11-00A0C91BC942}") = "Helper", "Helper\Helper.vcxitems", "{E6543F7A-4E58-4C55-975E-ED975481EBE8}"
EndProject
Project("{8BC9CEB8-8B4A-11D0-8D11-00A0C91BC942}") = "r77api", "r77api\r77api.vcxitems", "{525FD9EB-628A-4D93-B320-3C1DFA0A216D}"
EndProject
Project("{8BC9CEB8-8B4A-11D0-8D11-00A0C91BC942}") = "r77", "r77\r77.vcxitems", "{6E4BB100-C3C9-4CF7-A637-08C2482C6B94}"
EndProject
Project("{2150E333-8FDC-42A3-9474-1A3956D46DE8}") = "Global", "Global", "{054A9EE5-7740-4460-A561-D0AC8CF051EF}"
	ProjectSection(SolutionItems) = preProject
		Global\GlobalAssemblyInfo.cs = Global\GlobalAssemblyInfo.cs
		Global\R77Const.cs = Global\R77Const.cs
	EndProjectSection
EndProject
Project("{8BC9CEB8-8B4A-11D0-8D11-00A0C91BC942}") = "InstallShellcode", "InstallShellcode\InstallShellcode.vcxitems", "{DEAB25FD-2042-4BD6-BF4B-0802DCCC70F5}"
EndProject
Project("{FAE04EC0-301F-11D3-BF4B-00C04F79EFBC}") = "Stager", "Stager\Stager.csproj", "{4D71336E-6EF6-4DF1-8457-B94DC3D73FE7}"
	ProjectSection(ProjectDependencies) = postProject
		{06AF1D64-F2FC-4767-8794-7313C7BB0A40} = {06AF1D64-F2FC-4767-8794-7313C7BB0A40}
		{1BA54A13-B390-47B3-9628-B58A2BBA193B} = {1BA54A13-B390-47B3-9628-B58A2BBA193B}
		{7271AFD1-10F6-4589-95B7-3ABF98E7B2CA} = {7271AFD1-10F6-4589-95B7-3ABF98E7B2CA}
		{E3104B33-DB3D-4C83-B393-1E05E1FF2B10} = {E3104B33-DB3D-4C83-B393-1E05E1FF2B10}
	EndProjectSection
EndProject
Project("{2150E333-8FDC-42A3-9474-1A3956D46DE8}") = "Install", "Install", "{BD27B8C6-9341-44E1-B375-FFE2ACAAD7F5}"
EndProject
Project("{2150E333-8FDC-42A3-9474-1A3956D46DE8}") = "TestEnvironment", "TestEnvironment", "{75D5E6C6-38E6-4808-A81C-D237A7D2BEEB}"
EndProject
Project("{2150E333-8FDC-42A3-9474-1A3956D46DE8}") = "Uninstall", "Uninstall", "{48D99D12-84EF-4BB3-946F-1366B9AA60B3}"
EndProject
Project("{2150E333-8FDC-42A3-9474-1A3956D46DE8}") = "Rootkit", "Rootkit", "{1A7FBF3D-F6D4-41A5-93FE-118A940F9086}"
EndProject
Project("{8BC9CEB8-8B4A-11D0-8D11-00A0C91BC942}") = "Service", "Service\Service.vcxitems", "{46E171D4-1811-48BE-8867-A63C28761D28}"
EndProject
Project("{8BC9CEB8-8B4A-11D0-8D11-00A0C91BC942}") = "Service32", "Service32\Service32.vcxproj", "{7271AFD1-10F6-4589-95B7-3ABF98E7B2CA}"
	ProjectSection(ProjectDependencies) = postProject
		{AFB848D0-68F8-42D1-A1C8-99DFBE034FCF} = {AFB848D0-68F8-42D1-A1C8-99DFBE034FCF}
	EndProjectSection
EndProject
Project("{8BC9CEB8-8B4A-11D0-8D11-00A0C91BC942}") = "Service64", "Service64\Service64.vcxproj", "{E3104B33-DB3D-4C83-B393-1E05E1FF2B10}"
	ProjectSection(ProjectDependencies) = postProject
		{AFB848D0-68F8-42D1-A1C8-99DFBE034FCF} = {AFB848D0-68F8-42D1-A1C8-99DFBE034FCF}
	EndProjectSection
EndProject
Global
	GlobalSection(SolutionConfigurationPlatforms) = preSolution
		Debug|Any CPU = Debug|Any CPU
		Release|Any CPU = Release|Any CPU
	EndGlobalSection
	GlobalSection(ProjectConfigurationPlatforms) = postSolution
		{E55F7214-8CC4-4E1D-AEDB-C908D23902A4}.Debug|Any CPU.ActiveCfg = Debug|Any CPU
		{E55F7214-8CC4-4E1D-AEDB-C908D23902A4}.Debug|Any CPU.Build.0 = Debug|Any CPU
		{E55F7214-8CC4-4E1D-AEDB-C908D23902A4}.Release|Any CPU.ActiveCfg = Release|Any CPU
		{E55F7214-8CC4-4E1D-AEDB-C908D23902A4}.Release|Any CPU.Build.0 = Release|Any CPU
		{06AF1D64-F2FC-4767-8794-7313C7BB0A40}.Debug|Any CPU.ActiveCfg = Release|x64
		{06AF1D64-F2FC-4767-8794-7313C7BB0A40}.Debug|Any CPU.Build.0 = Release|x64
		{06AF1D64-F2FC-4767-8794-7313C7BB0A40}.Release|Any CPU.ActiveCfg = Release|x64
		{06AF1D64-F2FC-4767-8794-7313C7BB0A40}.Release|Any CPU.Build.0 = Release|x64
		{1BA54A13-B390-47B3-9628-B58A2BBA193B}.Debug|Any CPU.ActiveCfg = Release|Win32
		{1BA54A13-B390-47B3-9628-B58A2BBA193B}.Debug|Any CPU.Build.0 = Release|Win32
		{1BA54A13-B390-47B3-9628-B58A2BBA193B}.Release|Any CPU.ActiveCfg = Release|Win32
		{1BA54A13-B390-47B3-9628-B58A2BBA193B}.Release|Any CPU.Build.0 = Release|Win32
		{F0005D08-6278-4BFE-B492-F86CCEC797D5}.Debug|Any CPU.ActiveCfg = Debug|Win32
		{F0005D08-6278-4BFE-B492-F86CCEC797D5}.Debug|Any CPU.Build.0 = Debug|Win32
		{F0005D08-6278-4BFE-B492-F86CCEC797D5}.Release|Any CPU.ActiveCfg = Release|Win32
		{F0005D08-6278-4BFE-B492-F86CCEC797D5}.Release|Any CPU.Build.0 = Release|Win32
		{00D7268A-92A9-4CD4-ADDF-175E9BF16AE0}.Debug|Any CPU.ActiveCfg = Debug|x64
		{00D7268A-92A9-4CD4-ADDF-175E9BF16AE0}.Debug|Any CPU.Build.0 = Debug|x64
		{00D7268A-92A9-4CD4-ADDF-175E9BF16AE0}.Release|Any CPU.ActiveCfg = Release|x64
		{00D7268A-92A9-4CD4-ADDF-175E9BF16AE0}.Release|Any CPU.Build.0 = Release|x64
		{86F8C733-F773-4AD8-9282-3F99953261FD}.Debug|Any CPU.ActiveCfg = Debug|Any CPU
		{86F8C733-F773-4AD8-9282-3F99953261FD}.Debug|Any CPU.Build.0 = Debug|Any CPU
		{86F8C733-F773-4AD8-9282-3F99953261FD}.Release|Any CPU.ActiveCfg = Release|Any CPU
		{86F8C733-F773-4AD8-9282-3F99953261FD}.Release|Any CPU.Build.0 = Release|Any CPU
		{AFB848D0-68F8-42D1-A1C8-99DFBE034FCF}.Debug|Any CPU.ActiveCfg = Debug|Any CPU
		{AFB848D0-68F8-42D1-A1C8-99DFBE034FCF}.Debug|Any CPU.Build.0 = Debug|Any CPU
		{AFB848D0-68F8-42D1-A1C8-99DFBE034FCF}.Release|Any CPU.ActiveCfg = Release|Any CPU
		{AFB848D0-68F8-42D1-A1C8-99DFBE034FCF}.Release|Any CPU.Build.0 = Release|Any CPU
		{BCE48DAE-232E-4B3D-B5B5-D0B29BB7E9DE}.Debug|Any CPU.ActiveCfg = Debug|Win32
		{BCE48DAE-232E-4B3D-B5B5-D0B29BB7E9DE}.Debug|Any CPU.Build.0 = Debug|Win32
		{BCE48DAE-232E-4B3D-B5B5-D0B29BB7E9DE}.Release|Any CPU.ActiveCfg = Release|Win32
		{BCE48DAE-232E-4B3D-B5B5-D0B29BB7E9DE}.Release|Any CPU.Build.0 = Release|Win32
		{2D6FDD44-39B1-4FF8-8AE0-60A6B0979F5F}.Debug|Any CPU.ActiveCfg = Release|Win32
		{2D6FDD44-39B1-4FF8-8AE0-60A6B0979F5F}.Debug|Any CPU.Build.0 = Release|Win32
		{2D6FDD44-39B1-4FF8-8AE0-60A6B0979F5F}.Release|Any CPU.ActiveCfg = Release|Win32
		{2D6FDD44-39B1-4FF8-8AE0-60A6B0979F5F}.Release|Any CPU.Build.0 = Release|Win32
		{78BB6D02-6E02-4933-89DC-4AD8EE0B303F}.Debug|Any CPU.ActiveCfg = Release|x64
		{78BB6D02-6E02-4933-89DC-4AD8EE0B303F}.Debug|Any CPU.Build.0 = Release|x64
		{78BB6D02-6E02-4933-89DC-4AD8EE0B303F}.Release|Any CPU.ActiveCfg = Release|x64
		{78BB6D02-6E02-4933-89DC-4AD8EE0B303F}.Release|Any CPU.Build.0 = Release|x64
		{4D71336E-6EF6-4DF1-8457-B94DC3D73FE7}.Debug|Any CPU.ActiveCfg = Debug|Any CPU
		{4D71336E-6EF6-4DF1-8457-B94DC3D73FE7}.Debug|Any CPU.Build.0 = Debug|Any CPU
		{4D71336E-6EF6-4DF1-8457-B94DC3D73FE7}.Release|Any CPU.ActiveCfg = Release|Any CPU
		{4D71336E-6EF6-4DF1-8457-B94DC3D73FE7}.Release|Any CPU.Build.0 = Release|Any CPU
		{7271AFD1-10F6-4589-95B7-3ABF98E7B2CA}.Debug|Any CPU.ActiveCfg = Debug|Win32
		{7271AFD1-10F6-4589-95B7-3ABF98E7B2CA}.Debug|Any CPU.Build.0 = Debug|Win32
		{7271AFD1-10F6-4589-95B7-3ABF98E7B2CA}.Release|Any CPU.ActiveCfg = Release|Win32
		{7271AFD1-10F6-4589-95B7-3ABF98E7B2CA}.Release|Any CPU.Build.0 = Release|Win32
		{E3104B33-DB3D-4C83-B393-1E05E1FF2B10}.Debug|Any CPU.ActiveCfg = Debug|x64
		{E3104B33-DB3D-4C83-B393-1E05E1FF2B10}.Debug|Any CPU.Build.0 = Debug|x64
		{E3104B33-DB3D-4C83-B393-1E05E1FF2B10}.Release|Any CPU.ActiveCfg = Release|x64
		{E3104B33-DB3D-4C83-B393-1E05E1FF2B10}.Release|Any CPU.Build.0 = Release|x64
	EndGlobalSection
	GlobalSection(SolutionProperties) = preSolution
		HideSolutionNode = FALSE
	EndGlobalSection
	GlobalSection(NestedProjects) = preSolution
		{E55F7214-8CC4-4E1D-AEDB-C908D23902A4} = {75D5E6C6-38E6-4808-A81C-D237A7D2BEEB}
		{06AF1D64-F2FC-4767-8794-7313C7BB0A40} = {1A7FBF3D-F6D4-41A5-93FE-118A940F9086}
		{1BA54A13-B390-47B3-9628-B58A2BBA193B} = {1A7FBF3D-F6D4-41A5-93FE-118A940F9086}
		{F0005D08-6278-4BFE-B492-F86CCEC797D5} = {48D99D12-84EF-4BB3-946F-1366B9AA60B3}
		{00D7268A-92A9-4CD4-ADDF-175E9BF16AE0} = {48D99D12-84EF-4BB3-946F-1366B9AA60B3}
		{86F8C733-F773-4AD8-9282-3F99953261FD} = {75D5E6C6-38E6-4808-A81C-D237A7D2BEEB}
		{BCE48DAE-232E-4B3D-B5B5-D0B29BB7E9DE} = {BD27B8C6-9341-44E1-B375-FFE2ACAAD7F5}
		{2D6FDD44-39B1-4FF8-8AE0-60A6B0979F5F} = {75D5E6C6-38E6-4808-A81C-D237A7D2BEEB}
		{78BB6D02-6E02-4933-89DC-4AD8EE0B303F} = {75D5E6C6-38E6-4808-A81C-D237A7D2BEEB}
		{E6543F7A-4E58-4C55-975E-ED975481EBE8} = {75D5E6C6-38E6-4808-A81C-D237A7D2BEEB}
		{525FD9EB-628A-4D93-B320-3C1DFA0A216D} = {1A7FBF3D-F6D4-41A5-93FE-118A940F9086}
		{6E4BB100-C3C9-4CF7-A637-08C2482C6B94} = {1A7FBF3D-F6D4-41A5-93FE-118A940F9086}
		{DEAB25FD-2042-4BD6-BF4B-0802DCCC70F5} = {BD27B8C6-9341-44E1-B375-FFE2ACAAD7F5}
		{4D71336E-6EF6-4DF1-8457-B94DC3D73FE7} = {BD27B8C6-9341-44E1-B375-FFE2ACAAD7F5}
		{46E171D4-1811-48BE-8867-A63C28761D28} = {BD27B8C6-9341-44E1-B375-FFE2ACAAD7F5}
		{7271AFD1-10F6-4589-95B7-3ABF98E7B2CA} = {BD27B8C6-9341-44E1-B375-FFE2ACAAD7F5}
		{E3104B33-DB3D-4C83-B393-1E05E1FF2B10} = {BD27B8C6-9341-44E1-B375-FFE2ACAAD7F5}
	EndGlobalSection
	GlobalSection(ExtensibilityGlobals) = postSolution
		SolutionGuid = {A070C206-A2CD-4C8A-878F-A43650D1A3B1}
	EndGlobalSection
	GlobalSection(SharedMSBuildProjectFiles) = preSolution
		r77api\r77api.vcxitems*{00d7268a-92a9-4cd4-addf-175e9bf16ae0}*SharedItemsImports = 4
		r77api\r77api.vcxitems*{06af1d64-f2fc-4767-8794-7313c7bb0a40}*SharedItemsImports = 4
		r77\r77.vcxitems*{06af1d64-f2fc-4767-8794-7313c7bb0a40}*SharedItemsImports = 4
		r77api\r77api.vcxitems*{1ba54a13-b390-47b3-9628-b58a2bba193b}*SharedItemsImports = 4
		r77\r77.vcxitems*{1ba54a13-b390-47b3-9628-b58a2bba193b}*SharedItemsImports = 4
		Helper\Helper.vcxitems*{2d6fdd44-39b1-4ff8-8ae0-60a6b0979f5f}*SharedItemsImports = 4
		r77api\r77api.vcxitems*{2d6fdd44-39b1-4ff8-8ae0-60a6b0979f5f}*SharedItemsImports = 4
		Service\Service.vcxitems*{46e171d4-1811-48be-8867-a63c28761d28}*SharedItemsImports = 9
		r77api\r77api.vcxitems*{525fd9eb-628a-4d93-b320-3c1dfa0a216d}*SharedItemsImports = 9
		r77\r77.vcxitems*{6e4bb100-c3c9-4cf7-a637-08c2482c6b94}*SharedItemsImports = 9
		r77api\r77api.vcxitems*{7271afd1-10f6-4589-95b7-3abf98e7b2ca}*SharedItemsImports = 4
		Service\Service.vcxitems*{7271afd1-10f6-4589-95b7-3abf98e7b2ca}*SharedItemsImports = 4
		Helper\Helper.vcxitems*{78bb6d02-6e02-4933-89dc-4ad8ee0b303f}*SharedItemsImports = 4
		r77api\r77api.vcxitems*{78bb6d02-6e02-4933-89dc-4ad8ee0b303f}*SharedItemsImports = 4
		r77api\r77api.vcxitems*{bce48dae-232e-4b3d-b5b5-d0b29bb7e9de}*SharedItemsImports = 4
		InstallShellcode\InstallShellcode.vcxitems*{deab25fd-2042-4bd6-bf4b-0802dccc70f5}*SharedItemsImports = 9
		r77api\r77api.vcxitems*{e3104b33-db3d-4c83-b393-1e05e1ff2b10}*SharedItemsImports = 4
		Service\Service.vcxitems*{e3104b33-db3d-4c83-b393-1e05e1ff2b10}*SharedItemsImports = 4
		Helper\Helper.vcxitems*{e6543f7a-4e58-4c55-975e-ed975481ebe8}*SharedItemsImports = 9
		r77api\r77api.vcxitems*{f0005d08-6278-4bfe-b492-f86ccec797d5}*SharedItemsImports = 4
	EndGlobalSection
EndGlobal
