<?xml version="1.0" encoding="utf-8"?>
<Project ToolsVersion="4.0" xmlns="http://schemas.microsoft.com/developer/msbuild/2003">
  <ItemGroup>
    <ClCompile Include="..\..\src\r77api.cpp" />
    <ClCompile Include="..\..\src\r77\Hooks.cpp" />
    <ClCompile Include="..\..\src\r77\r77.cpp" />
    <ClCompile Include="..\..\src\r77\ReflectiveDll.cpp" />
    <ClCompile Include="..\..\src\r77\Register.cpp" />
    <ClCompile Include="..\..\src\r77\Rootkit.cpp" />
    <ClCompile Include="..\..\src\r77\Debug.cpp" />
    <ClCompile Include="..\..\src\r77\Config.cpp" />
  </ItemGroup>
  <ItemGroup>
    <ClInclude Include="..\..\src\r77api.h" />
    <ClInclude Include="..\..\src\r77\detours.h" />
    <ClInclude Include="..\..\src\r77\Hooks.h" />
    <ClInclude Include="..\..\src\r77\r77.h" />
    <ClInclude Include="..\..\src\r77\ReflectiveDll.h" />
    <ClInclude Include="..\..\src\r77\Register.h" />
    <ClInclude Include="..\..\src\r77\Rootkit.h" />
    <ClInclude Include="..\..\src\r77\Debug.h" />
    <ClInclude Include="..\..\src\r77\Config.h" />
    <ClInclude Include="..\..\src\ntdll.h" />
  </ItemGroup>
  <ItemGroup>
    <Library Include="..\..\SlnBin\x64\detours.lib" />
  </ItemGroup>
  <ItemGroup>
    <None Include="..\..\SlnBin\x64\detours.pdb" />
  </ItemGroup>
</Project>