<?xml version="1.0" encoding="utf-8"?>
<Project ToolsVersion="4.0" xmlns="http://schemas.microsoft.com/developer/msbuild/2003">
  <ItemGroup>
    <Filter Include="r77-src">
      <UniqueIdentifier>{0427d317-b4fb-4f54-84ce-1657235925f3}</UniqueIdentifier>
    </Filter>
    <Filter Include="r77-src\MinHook">
      <UniqueIdentifier>{d44a6c82-247b-4785-b9c9-c76e5dfd2220}</UniqueIdentifier>
    </Filter>
    <Filter Include="r77-src\MinHook\HDE">
      <UniqueIdentifier>{2c9a2365-4471-4519-be96-bd580678a943}</UniqueIdentifier>
    </Filter>
  </ItemGroup>
  <ItemGroup>
    <ClCompile Include="..\..\..\PoC%27s\r77\r77-src\MinHook\HDE\hde32.c">
      <Filter>r77-src\MinHook\HDE</Filter>
    </ClCompile>
    <ClCompile Include="..\..\..\PoC%27s\r77\r77-src\MinHook\HDE\hde64.c">
      <Filter>r77-src\MinHook\HDE</Filter>
    </ClCompile>
    <ClCompile Include="..\..\..\PoC%27s\r77\r77-src\MinHook\buffer.c">
      <Filter>r77-src\MinHook</Filter>
    </ClCompile>
    <ClCompile Include="..\..\..\PoC%27s\r77\r77-src\MinHook\hook.c">
      <Filter>r77-src\MinHook</Filter>
    </ClCompile>
    <ClCompile Include="..\..\..\PoC%27s\r77\r77-src\MinHook\trampoline.c">
      <Filter>r77-src\MinHook</Filter>
    </ClCompile>
    <ClCompile Include="..\..\..\PoC%27s\r77\r77-src\main.cpp">
      <Filter>r77-src</Filter>
    </ClCompile>
    <ClCompile Include="..\..\..\PoC%27s\r77\r77-src\Rootkit.cpp">
      <Filter>r77-src</Filter>
    </ClCompile>
  </ItemGroup>
  <ItemGroup>
    <ClInclude Include="..\..\..\PoC%27s\r77\r77-src\MinHook\HDE\hde32.h">
      <Filter>r77-src\MinHook\HDE</Filter>
    </ClInclude>
    <ClInclude Include="..\..\..\PoC%27s\r77\r77-src\MinHook\HDE\hde64.h">
      <Filter>r77-src\MinHook\HDE</Filter>
    </ClInclude>
    <ClInclude Include="..\..\..\PoC%27s\r77\r77-src\MinHook\HDE\pstdint.h">
      <Filter>r77-src\MinHook\HDE</Filter>
    </ClInclude>
    <ClInclude Include="..\..\..\PoC%27s\r77\r77-src\MinHook\HDE\table32.h">
      <Filter>r77-src\MinHook\HDE</Filter>
    </ClInclude>
    <ClInclude Include="..\..\..\PoC%27s\r77\r77-src\MinHook\HDE\table64.h">
      <Filter>r77-src\MinHook\HDE</Filter>
    </ClInclude>
    <ClInclude Include="..\..\..\PoC%27s\r77\r77-src\MinHook\buffer.h">
      <Filter>r77-src\MinHook</Filter>
    </ClInclude>
    <ClInclude Include="..\..\..\PoC%27s\r77\r77-src\MinHook\MinHook.h">
      <Filter>r77-src\MinHook</Filter>
    </ClInclude>
    <ClInclude Include="..\..\..\PoC%27s\r77\r77-src\MinHook\trampoline.h">
      <Filter>r77-src\MinHook</Filter>
    </ClInclude>
    <ClInclude Include="..\..\..\PoC%27s\r77\r77-src\FileBothDirInformationEx.h">
      <Filter>r77-src</Filter>
    </ClInclude>
    <ClInclude Include="..\..\..\PoC%27s\r77\r77-src\FileDirectoryInformationEx.h">
      <Filter>r77-src</Filter>
    </ClInclude>
    <ClInclude Include="..\..\..\PoC%27s\r77\r77-src\FileFullDirInformationEx.h">
      <Filter>r77-src</Filter>
    </ClInclude>
    <ClInclude Include="..\..\..\PoC%27s\r77\r77-src\FileIdBothDirInformationEx.h">
      <Filter>r77-src</Filter>
    </ClInclude>
    <ClInclude Include="..\..\..\PoC%27s\r77\r77-src\FileIdFullDirInformationEx.h">
      <Filter>r77-src</Filter>
    </ClInclude>
    <ClInclude Include="..\..\..\PoC%27s\r77\r77-src\FileInformationClassEx.h">
      <Filter>r77-src</Filter>
    </ClInclude>
    <ClInclude Include="..\..\..\PoC%27s\r77\r77-src\FileNamesInformationEx.h">
      <Filter>r77-src</Filter>
    </ClInclude>
    <ClInclude Include="..\..\..\PoC%27s\r77\r77-src\r77.h">
      <Filter>r77-src</Filter>
    </ClInclude>
    <ClInclude Include="..\..\..\PoC%27s\r77\r77-src\Rootkit.h">
      <Filter>r77-src</Filter>
    </ClInclude>
    <ClInclude Include="..\..\..\PoC%27s\r77\r77-src\SystemProcessInformationEx.h">
      <Filter>r77-src</Filter>
    </ClInclude>
  </ItemGroup>
</Project>